
Microsoft Visual Studio Solution File, Format Version 12.00
# Visual Studio Version 17
VisualStudioVersion = 17.3.32825.248
MinimumVisualStudioVersion = 10.0.40219.1
Project("{FAE04EC0-301F-11D3-BF4B-00C04F79EFBC}") = "Assignment2_KeeFungAnthonyHo", "Assignment2_KeeFungAnthonyHo\Assignment2_KeeFungAnthonyHo.csproj", "{C51587B2-CDB2-4886-B2E2-3DA39D5CD331}"
EndProject
Global
	GlobalSection(SolutionConfigurationPlatforms) = preSolution
		Debug|Any CPU = Debug|Any CPU
		Release|Any CPU = Release|Any CPU
	EndGlobalSection
	GlobalSection(ProjectConfigurationPlatforms) = postSolution
		{C51587B2-CDB2-4886-B2E2-3DA39D5CD331}.Debug|Any CPU.ActiveCfg = Debug|Any CPU
		{C51587B2-CDB2-4886-B2E2-3DA39D5CD331}.Debug|Any CPU.Build.0 = Debug|Any CPU
		{C51587B2-CDB2-4886-B2E2-3DA39D5CD331}.Release|Any CPU.ActiveCfg = Release|Any CPU
		{C51587B2-CDB2-4886-B2E2-3DA39D5CD331}.Release|Any CPU.Build.0 = Release|Any CPU
	EndGlobalSection
	GlobalSection(SolutionProperties) = preSolution
		HideSolutionNode = FALSE
	EndGlobalSection
	GlobalSection(ExtensibilityGlobals) = postSolution
		SolutionGuid = {B9059AE0-0D7A-46D1-BB38-AEBC2212F74F}
	EndGlobalSection
EndGlobal
